
Microsoft Visual Studio Solution File, Format Version 12.00
# Visual Studio 14
VisualStudioVersion = 14.0.23107.0
MinimumVisualStudioVersion = 10.0.40219.1
Project("{FAE04EC0-301F-11D3-BF4B-00C04F79EFBC}") = "Valvrave Sharp", "Valvrave Sharp\Valvrave Sharp.csproj", "{F4B80096-A7A9-4D8E-8E78-FC71F211CD9A}"
EndProject
Global
	GlobalSection(SolutionConfigurationPlatforms) = preSolution
		Debug|Any CPU = Debug|Any CPU
		Release|Any CPU = Release|Any CPU
	EndGlobalSection
	GlobalSection(ProjectConfigurationPlatforms) = postSolution
		{F4B80096-A7A9-4D8E-8E78-FC71F211CD9A}.Debug|Any CPU.ActiveCfg = Debug|Any CPU
		{F4B80096-A7A9-4D8E-8E78-FC71F211CD9A}.Debug|Any CPU.Build.0 = Debug|Any CPU
		{F4B80096-A7A9-4D8E-8E78-FC71F211CD9A}.Release|Any CPU.ActiveCfg = Release|Any CPU
		{F4B80096-A7A9-4D8E-8E78-FC71F211CD9A}.Release|Any CPU.Build.0 = Release|Any CPU
	EndGlobalSection
	GlobalSection(SolutionProperties) = preSolution
		HideSolutionNode = FALSE
	EndGlobalSection
EndGlobal
